# THIS IS AN AUTOGENERATED FILE. DO NOT EDIT THIS FILE DIRECTLY.
# yarn lockfile v1


"@next/env@13.0.8-canary.1":
  version "13.0.8-canary.1"
  resolved "https://registry.yarnpkg.com/@next/env/-/env-13.0.8-canary.1.tgz#2bc74b9936932ba2d540bf7ca2f0de3f0b793dec"
  integrity sha512-Ex5UwV40SoNqrW7I/6qZrwxXgSe5f9o5x4kXE2QRm09d2T/fznHr3piNHHZE0TAd1qhOnglhZNCQp+zPH6cjXQ==

"@next/swc-android-arm-eabi@13.0.8-canary.1":
  version "13.0.8-canary.1"
  resolved "https://registry.yarnpkg.com/@next/swc-android-arm-eabi/-/swc-android-arm-eabi-13.0.8-canary.1.tgz#3b1ae1fdef1ea025dc45ea661175a593b1cc89b2"
  integrity sha512-NLRWu7lyoYONVwbJt5qCG7UZFVFmYqLygYR0jyqCjo0qV1Zmv+VEikRWdpjSEc3V4J4vM+WMXrDp/n+KoVtfJA==

"@next/swc-android-arm64@13.0.8-canary.1":
  version "13.0.8-canary.1"
  resolved "https://registry.yarnpkg.com/@next/swc-android-arm64/-/swc-android-arm64-13.0.8-canary.1.tgz#b2fca9a963e9d85e3cebc5a1e9fa0c58318dd5c7"
  integrity sha512-T4ypYUWug3IiR11JjhX1wb9IcZF5j+veqvLowrXaN0xFLyP7TXkHOWTTKEvQV7TONwFvPRVcGfyDhd3R281pMg==

"@next/swc-darwin-arm64@13.0.8-canary.1":
  version "13.0.8-canary.1"
  resolved "https://registry.yarnpkg.com/@next/swc-darwin-arm64/-/swc-darwin-arm64-13.0.8-canary.1.tgz#b5ca5a96409697dfe7378ecf8c08d375c1b65284"
  integrity sha512-ScvJkFGwG/dYTHqmXVN/t1g9HV7rWufsbOdvOPx3+Idzkgb8sxy/Cd5zoGbp3oNg2TByVt/Bizlme39wlvZnkw==

"@next/swc-darwin-x64@13.0.8-canary.1":
  version "13.0.8-canary.1"
  resolved "https://registry.yarnpkg.com/@next/swc-darwin-x64/-/swc-darwin-x64-13.0.8-canary.1.tgz#2402e70c83a9000b9d355c527f98ed65ea202414"
  integrity sha512-scEWz+/upRZqcHs7MzQOb4Re1xvuXQfxYfxBamHmvhIiXczPtr8S7jR7WFMrxuHA55SnEKkl2K6c+OPvBa04Yg==

"@next/swc-freebsd-x64@13.0.8-canary.1":
  version "13.0.8-canary.1"
  resolved "https://registry.yarnpkg.com/@next/swc-freebsd-x64/-/swc-freebsd-x64-13.0.8-canary.1.tgz#ad811746ea42e663fd35d98e29139d397dc74036"
  integrity sha512-7F8ldFt5HkhkiabYgf4VDE3bTuOLcpmxpuurU1QPhhqvUNhvqb7KebHmEo4BKlZUqIp5ik33U/DJ/9f7pOA0YQ==

"@next/swc-linux-arm-gnueabihf@13.0.8-canary.1":
  version "13.0.8-canary.1"
  resolved "https://registry.yarnpkg.com/@next/swc-linux-arm-gnueabihf/-/swc-linux-arm-gnueabihf-13.0.8-canary.1.tgz#4d74bfd247bda2a87c16d1482d0a459a57f5ada3"
  integrity sha512-RAB/uNEexV2xhKm2r7qs2j2oCD4v7NtgDxpJMqwbuDB8vilN93xFifel1WqKgoiw5tPn7PE+XETPrGcHS9DAkw==

"@next/swc-linux-arm64-gnu@13.0.8-canary.1":
  version "13.0.8-canary.1"
  resolved "https://registry.yarnpkg.com/@next/swc-linux-arm64-gnu/-/swc-linux-arm64-gnu-13.0.8-canary.1.tgz#5a8a03e6f59af66839c932bbfd78a92c6e246f13"
  integrity sha512-tazTPaYDoRQKpHdDIq7EpEbmQkYPMeS8uoci47sCAgJzatbPKWrBvNczXgfADYW4KJM8J6iTFes6rLoA8On7aw==

"@next/swc-linux-arm64-musl@13.0.8-canary.1":
  version "13.0.8-canary.1"
  resolved "https://registry.yarnpkg.com/@next/swc-linux-arm64-musl/-/swc-linux-arm64-musl-13.0.8-canary.1.tgz#d370d99d1b5490ca98255491eeb350c3b2edc6d4"
  integrity sha512-VVRiv+d+kvxJ2Y8DqcIb2Cjf4NnD8d6kf85LAETKrwNBSYu1aK6DE/jEDMVfVp/xo3brupvnOJoqFeHD74UYJw==

"@next/swc-linux-x64-gnu@13.0.8-canary.1":
  version "13.0.8-canary.1"
  resolved "https://registry.yarnpkg.com/@next/swc-linux-x64-gnu/-/swc-linux-x64-gnu-13.0.8-canary.1.tgz#d009ecb9f8a23503462c53354904d943a23337b7"
  integrity sha512-GI9Cn/uA3ho0WJNxs85UzelPiV78ITw46SSiFHzvgXhRNDw0cXwJLMOUudRjee8Bh6DAockUUYJWrRQRey6vBQ==

"@next/swc-linux-x64-musl@13.0.8-canary.1":
  version "13.0.8-canary.1"
  resolved "https://registry.yarnpkg.com/@next/swc-linux-x64-musl/-/swc-linux-x64-musl-13.0.8-canary.1.tgz#33e6587faf6ae7106cdc924078754f4423bc2fc0"
  integrity sha512-1Zt8bC3DYJ7lW4QcUtdNMcUSjr/nzNF8xUwuyjFhnhkYNmDpZdsWAEUxRQc8SFhQJqj1z8ZSq6bW8gtNgcrycQ==

"@next/swc-win32-arm64-msvc@13.0.8-canary.1":
  version "13.0.8-canary.1"
  resolved "https://registry.yarnpkg.com/@next/swc-win32-arm64-msvc/-/swc-win32-arm64-msvc-13.0.8-canary.1.tgz#86a49fbcf9e65054e5e4855df30c4f78d51e4f53"
  integrity sha512-ud7fjpaE4gQ2/eLdqWet94WLxXlcWQ8dEPqAXysAtMQuxpFlGc0mPxWAhysvtepE5ssjPr/x5DMJQ1IX0NxKbQ==

"@next/swc-win32-ia32-msvc@13.0.8-canary.1":
  version "13.0.8-canary.1"
  resolved "https://registry.yarnpkg.com/@next/swc-win32-ia32-msvc/-/swc-win32-ia32-msvc-13.0.8-canary.1.tgz#c79b4ed51c453b700bf079e22698f8aa06ba85a8"
  integrity sha512-IZrV7YRAyD4Cz+b36bJjpOaquC/ZKL0XpcFPKFxdLVp7rjmyApv0wKwNdmEZ7ok9aJ9kyDA8tJ930U9eP5mBqw==

"@next/swc-win32-x64-msvc@13.0.8-canary.1":
  version "13.0.8-canary.1"
  resolved "https://registry.yarnpkg.com/@next/swc-win32-x64-msvc/-/swc-win32-x64-msvc-13.0.8-canary.1.tgz#3b9fc114399d6d5d73eae4907d6f2b1168262b75"
  integrity sha512-CTnFC/ykSN6hXZO1cwQO3KygpY9EDrva5srK51TdzFko+PwUg3wGFvmChzXbL9n6JE7wgmu1xaFnnZUOQpWGcA==

"@swc/helpers@0.4.14":
  version "0.4.14"
  resolved "https://registry.yarnpkg.com/@swc/helpers/-/helpers-0.4.14.tgz#1352ac6d95e3617ccb7c1498ff019654f1e12a74"
  integrity sha512-4C7nX/dvpzB7za4Ql9K81xK3HPxCpHMgwTZVyf+9JQ6VUbn9jjZVN7/Nkdz/Ugzs2CSjqnL/UPXroiVBVHUWUw==
  dependencies:
    tslib "^2.4.0"

"@types/node@^18.11.13":
  version "18.11.17"
  resolved "https://registry.yarnpkg.com/@types/node/-/node-18.11.17.tgz#5c009e1d9c38f4a2a9d45c0b0c493fe6cdb4bcb5"
  integrity sha512-HJSUJmni4BeDHhfzn6nF0sVmd1SMezP7/4F0Lq+aXzmp2xm9O7WXrUtHW/CHlYVtZUbByEvWidHqRtcJXGF2Ng==

"@types/prop-types@*":
  version "15.7.5"
  resolved "https://registry.yarnpkg.com/@types/prop-types/-/prop-types-15.7.5.tgz#5f19d2b85a98e9558036f6a3cacc8819420f05cf"
  integrity sha512-JCB8C6SnDoQf0cNycqd/35A7MjcnK+ZTqE7judS6o7utxUCg6imJg3QK2qzHKszlTjcj2cn+NwMB2i96ubpj7w==

"@types/react@^18.0.26":
  version "18.0.26"
  resolved "https://registry.yarnpkg.com/@types/react/-/react-18.0.26.tgz#8ad59fc01fef8eaf5c74f4ea392621749f0b7917"
  integrity sha512-hCR3PJQsAIXyxhTNSiDFY//LhnMZWpNNr5etoCqx/iUfGc5gXWtQR2Phl908jVR6uPXacojQWTg4qRpkxTuGug==
  dependencies:
    "@types/prop-types" "*"
    "@types/scheduler" "*"
    csstype "^3.0.2"

"@types/scheduler@*":
  version "0.16.2"
  resolved "https://registry.yarnpkg.com/@types/scheduler/-/scheduler-0.16.2.tgz#1a62f89525723dde24ba1b01b092bf5df8ad4d39"
  integrity sha512-hppQEBDmlwhFAXKJX2KnWLYu5yMfi91yazPb2l+lbJiwW+wdo1gNeRA+3RgNSO39WYX2euey41KEwnqesU2Jew==

caniuse-lite@^1.0.30001406:
  version "1.0.30001439"
  resolved "https://registry.yarnpkg.com/caniuse-lite/-/caniuse-lite-1.0.30001439.tgz#ab7371faeb4adff4b74dad1718a6fd122e45d9cb"
  integrity sha512-1MgUzEkoMO6gKfXflStpYgZDlFM7M/ck/bgfVCACO5vnAf0fXoNVHdWtqGU+MYca+4bL9Z5bpOVmR33cWW9G2A==

client-only@0.0.1:
  version "0.0.1"
  resolved "https://registry.yarnpkg.com/client-only/-/client-only-0.0.1.tgz#38bba5d403c41ab150bff64a95c85013cf73bca1"
  integrity sha512-IV3Ou0jSMzZrd3pZ48nLkT9DA7Ag1pnPzaiQhpW7c3RbcqqzvzzVu+L8gfqMp/8IM2MQtSiqaCxrrcfu8I8rMA==

csstype@^3.0.2:
  version "3.1.1"
  resolved "https://registry.yarnpkg.com/csstype/-/csstype-3.1.1.tgz#841b532c45c758ee546a11d5bd7b7b473c8c30b9"
  integrity sha512-DJR/VvkAvSZW9bTouZue2sSxDwdTN92uHjqeKVm+0dAqdfNykRzQ95tay8aXMBAAPpUiq4Qcug2L7neoRh2Egw==

"js-tokens@^3.0.0 || ^4.0.0":
  version "4.0.0"
  resolved "https://registry.yarnpkg.com/js-tokens/-/js-tokens-4.0.0.tgz#19203fb59991df98e3a287050d4647cdeaf32499"
  integrity sha512-RdJUflcE3cUzKiMqQgsCu06FPu9UdIJO0beYbPhHN4k6apgJtifcoCtT9bcxOpYBtpD2kCM6Sbzg4CausW/PKQ==

loose-envify@^1.1.0:
  version "1.4.0"
  resolved "https://registry.yarnpkg.com/loose-envify/-/loose-envify-1.4.0.tgz#71ee51fa7be4caec1a63839f7e682d8132d30caf"
  integrity sha512-lyuxPGr/Wfhrlem2CL/UcnUc1zcqKAImBDzukY7Y5F/yQiNdko6+fRLevlw1HgMySw7f611UIY408EtxRSoK3Q==
  dependencies:
    js-tokens "^3.0.0 || ^4.0.0"

nanoid@^3.3.4:
  version "3.3.4"
  resolved "https://registry.yarnpkg.com/nanoid/-/nanoid-3.3.4.tgz#730b67e3cd09e2deacf03c027c81c9d9dbc5e8ab"
  integrity sha512-MqBkQh/OHTS2egovRtLk45wEyNXwF+cokD+1YPf9u5VfJiRdAiRwB2froX5Co9Rh20xs4siNPm8naNotSD6RBw==

next@canary:
  version "13.0.8-canary.1"
  resolved "https://registry.yarnpkg.com/next/-/next-13.0.8-canary.1.tgz#7800bd23c87008c5925d67ead5bfc5527357c37d"
  integrity sha512-aYyKUk/0QZPCXchLIEd7WZudUmANg0Ox1hU+PbPTOfaEN61dsMgbL8p4jsPHHpnqwELAVjjB/r2SstirkK+4JQ==
  dependencies:
    "@next/env" "13.0.8-canary.1"
    "@swc/helpers" "0.4.14"
    caniuse-lite "^1.0.30001406"
    postcss "8.4.14"
    styled-jsx "5.1.1"
  optionalDependencies:
    "@next/swc-android-arm-eabi" "13.0.8-canary.1"
    "@next/swc-android-arm64" "13.0.8-canary.1"
    "@next/swc-darwin-arm64" "13.0.8-canary.1"
    "@next/swc-darwin-x64" "13.0.8-canary.1"
    "@next/swc-freebsd-x64" "13.0.8-canary.1"
    "@next/swc-linux-arm-gnueabihf" "13.0.8-canary.1"
    "@next/swc-linux-arm64-gnu" "13.0.8-canary.1"
    "@next/swc-linux-arm64-musl" "13.0.8-canary.1"
    "@next/swc-linux-x64-gnu" "13.0.8-canary.1"
    "@next/swc-linux-x64-musl" "13.0.8-canary.1"
    "@next/swc-win32-arm64-msvc" "13.0.8-canary.1"
    "@next/swc-win32-ia32-msvc" "13.0.8-canary.1"
    "@next/swc-win32-x64-msvc" "13.0.8-canary.1"

picocolors@^1.0.0:
  version "1.0.0"
  resolved "https://registry.yarnpkg.com/picocolors/-/picocolors-1.0.0.tgz#cb5bdc74ff3f51892236eaf79d68bc44564ab81c"
  integrity sha512-1fygroTLlHu66zi26VoTDv8yRgm0Fccecssto+MhsZ0D/DGW2sm8E8AjW7NU5VVTRt5GxbeZ5qBuJr+HyLYkjQ==

postcss@8.4.14:
  version "8.4.14"
  resolved "https://registry.yarnpkg.com/postcss/-/postcss-8.4.14.tgz#ee9274d5622b4858c1007a74d76e42e56fd21caf"
  integrity sha512-E398TUmfAYFPBSdzgeieK2Y1+1cpdxJx8yXbK/m57nRhKSmk1GB2tO4lbLBtlkfPQTDKfe4Xqv1ASWPpayPEig==
  dependencies:
    nanoid "^3.3.4"
    picocolors "^1.0.0"
    source-map-js "^1.0.2"

react-dom@^18.2.0:
  version "18.2.0"
  resolved "https://registry.yarnpkg.com/react-dom/-/react-dom-18.2.0.tgz#22aaf38708db2674ed9ada224ca4aa708d821e3d"
  integrity sha512-6IMTriUmvsjHUjNtEDudZfuDQUoWXVxKHhlEGSk81n4YFS+r/Kl99wXiwlVXtPBtJenozv2P+hxDsw9eA7Xo6g==
  dependencies:
    loose-envify "^1.1.0"
    scheduler "^0.23.0"

react@^18.2.0:
  version "18.2.0"
  resolved "https://registry.yarnpkg.com/react/-/react-18.2.0.tgz#555bd98592883255fa00de14f1151a917b5d77d5"
  integrity sha512-/3IjMdb2L9QbBdWiW5e3P2/npwMBaU9mHCSCUzNln0ZCYbcfTsGbTJrU/kGemdH2IWmB2ioZ+zkxtmq6g09fGQ==
  dependencies:
    loose-envify "^1.1.0"

scheduler@^0.23.0:
  version "0.23.0"
  resolved "https://registry.yarnpkg.com/scheduler/-/scheduler-0.23.0.tgz#ba8041afc3d30eb206a487b6b384002e4e61fdfe"
  integrity sha512-CtuThmgHNg7zIZWAXi3AsyIzA3n4xx7aNyjwC2VJldO2LMVDhFK+63xGqq6CsJH4rTAt6/M+N4GhZiDYPx9eUw==
  dependencies:
    loose-envify "^1.1.0"

source-map-js@^1.0.2:
  version "1.0.2"
  resolved "https://registry.yarnpkg.com/source-map-js/-/source-map-js-1.0.2.tgz#adbc361d9c62df380125e7f161f71c826f1e490c"
  integrity sha512-R0XvVJ9WusLiqTCEiGCmICCMplcCkIwwR11mOSD9CR5u+IXYdiseeEuXCVAjS54zqwkLcPNnmU4OeJ6tUrWhDw==

styled-jsx@5.1.1:
  version "5.1.1"
  resolved "https://registry.yarnpkg.com/styled-jsx/-/styled-jsx-5.1.1.tgz#839a1c3aaacc4e735fed0781b8619ea5d0009d1f"
  integrity sha512-pW7uC1l4mBZ8ugbiZrcIsiIvVx1UmTfw7UkC3Um2tmfUq9Bhk8IiyEIPl6F8agHgjzku6j0xQEZbfA5uSgSaCw==
  dependencies:
    client-only "0.0.1"

tslib@^2.4.0:
  version "2.4.1"
  resolved "https://registry.yarnpkg.com/tslib/-/tslib-2.4.1.tgz#0d0bfbaac2880b91e22df0768e55be9753a5b17e"
  integrity sha512-tGyy4dAjRIEwI7BzsB0lynWgOpfqjUdq91XXAlIWD2OwKBH7oCl/GZG/HT4BOHrTlPMOASlMQ7veyTqpmRcrNA==

typescript@^4.9.4:
  version "4.9.4"
  resolved "https://registry.yarnpkg.com/typescript/-/typescript-4.9.4.tgz#a2a3d2756c079abda241d75f149df9d561091e78"
  integrity sha512-Uz+dTXYzxXXbsFpM86Wh3dKCxrQqUcVMxwU54orwlJjOpO3ao8L7j5lH+dWfTwgCwIuM9GQ2kvVotzYJMXTBZg==
